
Microsoft Visual Studio Solution File, Format Version 12.00
# Visual Studio Version 17
VisualStudioVersion = 17.14.35906.104
MinimumVisualStudioVersion = 10.0.40219.1
Project("{FAE04EC0-301F-11D3-BF4B-00C04F79EFBC}") = "Galaxy_Auction", "Galaxy_Auction\Galaxy_Auction.csproj", "{2F95E80D-F353-4F6C-8D2A-3901ED019835}"
EndProject
Project("{FAE04EC0-301F-11D3-BF4B-00C04F79EFBC}") = "Galaxy_Auction_Data_Access", "Galaxy_Auction_Data_Access\Galaxy_Auction_Data_Access.csproj", "{F4D829F5-1073-4BF7-B36D-7354E05161EF}"
EndProject
Project("{FAE04EC0-301F-11D3-BF4B-00C04F79EFBC}") = "Galaxy_Auction_Business", "Galaxy_Auction_Business\Galaxy_Auction_Business.csproj", "{E9BAC09D-8ADD-4F0E-A580-A5509C601A44}"
EndProject
Project("{FAE04EC0-301F-11D3-BF4B-00C04F79EFBC}") = "Galaxy_Auction_Core", "Galaxy_Auction_Core\Galaxy_Auction_Core.csproj", "{FCC3DF2D-AB8F-4CD6-8E7E-96CFB3D3B084}"
EndProject
Project("{FAE04EC0-301F-11D3-BF4B-00C04F79EFBC}") = "Galaxy_Auction_API", "Galaxy_Auction_API\Galaxy_Auction_API.csproj", "{661B3E3F-2E4C-4FD5-8385-264052FA0048}"
EndProject
Global
	GlobalSection(SolutionConfigurationPlatforms) = preSolution
		Debug|Any CPU = Debug|Any CPU
		Debug|x64 = Debug|x64
		Debug|x86 = Debug|x86
		Release|Any CPU = Release|Any CPU
		Release|x64 = Release|x64
		Release|x86 = Release|x86
	EndGlobalSection
	GlobalSection(ProjectConfigurationPlatforms) = postSolution
		{2F95E80D-F353-4F6C-8D2A-3901ED019835}.Debug|Any CPU.ActiveCfg = Debug|Any CPU
		{2F95E80D-F353-4F6C-8D2A-3901ED019835}.Debug|Any CPU.Build.0 = Debug|Any CPU
		{2F95E80D-F353-4F6C-8D2A-3901ED019835}.Debug|x64.ActiveCfg = Debug|Any CPU
		{2F95E80D-F353-4F6C-8D2A-3901ED019835}.Debug|x64.Build.0 = Debug|Any CPU
		{2F95E80D-F353-4F6C-8D2A-3901ED019835}.Debug|x86.ActiveCfg = Debug|Any CPU
		{2F95E80D-F353-4F6C-8D2A-3901ED019835}.Debug|x86.Build.0 = Debug|Any CPU
		{2F95E80D-F353-4F6C-8D2A-3901ED019835}.Release|Any CPU.ActiveCfg = Release|Any CPU
		{2F95E80D-F353-4F6C-8D2A-3901ED019835}.Release|Any CPU.Build.0 = Release|Any CPU
		{2F95E80D-F353-4F6C-8D2A-3901ED019835}.Release|x64.ActiveCfg = Release|Any CPU
		{2F95E80D-F353-4F6C-8D2A-3901ED019835}.Release|x64.Build.0 = Release|Any CPU
		{2F95E80D-F353-4F6C-8D2A-3901ED019835}.Release|x86.ActiveCfg = Release|Any CPU
		{2F95E80D-F353-4F6C-8D2A-3901ED019835}.Release|x86.Build.0 = Release|Any CPU
		{F4D829F5-1073-4BF7-B36D-7354E05161EF}.Debug|Any CPU.ActiveCfg = Debug|Any CPU
		{F4D829F5-1073-4BF7-B36D-7354E05161EF}.Debug|Any CPU.Build.0 = Debug|Any CPU
		{F4D829F5-1073-4BF7-B36D-7354E05161EF}.Debug|x64.ActiveCfg = Debug|Any CPU
		{F4D829F5-1073-4BF7-B36D-7354E05161EF}.Debug|x64.Build.0 = Debug|Any CPU
		{F4D829F5-1073-4BF7-B36D-7354E05161EF}.Debug|x86.ActiveCfg = Debug|Any CPU
		{F4D829F5-1073-4BF7-B36D-7354E05161EF}.Debug|x86.Build.0 = Debug|Any CPU
		{F4D829F5-1073-4BF7-B36D-7354E05161EF}.Release|Any CPU.ActiveCfg = Release|Any CPU
		{F4D829F5-1073-4BF7-B36D-7354E05161EF}.Release|Any CPU.Build.0 = Release|Any CPU
		{F4D829F5-1073-4BF7-B36D-7354E05161EF}.Release|x64.ActiveCfg = Release|Any CPU
		{F4D829F5-1073-4BF7-B36D-7354E05161EF}.Release|x64.Build.0 = Release|Any CPU
		{F4D829F5-1073-4BF7-B36D-7354E05161EF}.Release|x86.ActiveCfg = Release|Any CPU
		{F4D829F5-1073-4BF7-B36D-7354E05161EF}.Release|x86.Build.0 = Release|Any CPU
		{E9BAC09D-8ADD-4F0E-A580-A5509C601A44}.Debug|Any CPU.ActiveCfg = Debug|Any CPU
		{E9BAC09D-8ADD-4F0E-A580-A5509C601A44}.Debug|Any CPU.Build.0 = Debug|Any CPU
		{E9BAC09D-8ADD-4F0E-A580-A5509C601A44}.Debug|x64.ActiveCfg = Debug|Any CPU
		{E9BAC09D-8ADD-4F0E-A580-A5509C601A44}.Debug|x64.Build.0 = Debug|Any CPU
		{E9BAC09D-8ADD-4F0E-A580-A5509C601A44}.Debug|x86.ActiveCfg = Debug|Any CPU
		{E9BAC09D-8ADD-4F0E-A580-A5509C601A44}.Debug|x86.Build.0 = Debug|Any CPU
		{E9BAC09D-8ADD-4F0E-A580-A5509C601A44}.Release|Any CPU.ActiveCfg = Release|Any CPU
		{E9BAC09D-8ADD-4F0E-A580-A5509C601A44}.Release|Any CPU.Build.0 = Release|Any CPU
		{E9BAC09D-8ADD-4F0E-A580-A5509C601A44}.Release|x64.ActiveCfg = Release|Any CPU
		{E9BAC09D-8ADD-4F0E-A580-A5509C601A44}.Release|x64.Build.0 = Release|Any CPU
		{E9BAC09D-8ADD-4F0E-A580-A5509C601A44}.Release|x86.ActiveCfg = Release|Any CPU
		{E9BAC09D-8ADD-4F0E-A580-A5509C601A44}.Release|x86.Build.0 = Release|Any CPU
		{FCC3DF2D-AB8F-4CD6-8E7E-96CFB3D3B084}.Debug|Any CPU.ActiveCfg = Debug|Any CPU
		{FCC3DF2D-AB8F-4CD6-8E7E-96CFB3D3B084}.Debug|Any CPU.Build.0 = Debug|Any CPU
		{FCC3DF2D-AB8F-4CD6-8E7E-96CFB3D3B084}.Debug|x64.ActiveCfg = Debug|Any CPU
		{FCC3DF2D-AB8F-4CD6-8E7E-96CFB3D3B084}.Debug|x64.Build.0 = Debug|Any CPU
		{FCC3DF2D-AB8F-4CD6-8E7E-96CFB3D3B084}.Debug|x86.ActiveCfg = Debug|Any CPU
		{FCC3DF2D-AB8F-4CD6-8E7E-96CFB3D3B084}.Debug|x86.Build.0 = Debug|Any CPU
		{FCC3DF2D-AB8F-4CD6-8E7E-96CFB3D3B084}.Release|Any CPU.ActiveCfg = Release|Any CPU
		{FCC3DF2D-AB8F-4CD6-8E7E-96CFB3D3B084}.Release|Any CPU.Build.0 = Release|Any CPU
		{FCC3DF2D-AB8F-4CD6-8E7E-96CFB3D3B084}.Release|x64.ActiveCfg = Release|Any CPU
		{FCC3DF2D-AB8F-4CD6-8E7E-96CFB3D3B084}.Release|x64.Build.0 = Release|Any CPU
		{FCC3DF2D-AB8F-4CD6-8E7E-96CFB3D3B084}.Release|x86.ActiveCfg = Release|Any CPU
		{FCC3DF2D-AB8F-4CD6-8E7E-96CFB3D3B084}.Release|x86.Build.0 = Release|Any CPU
		{661B3E3F-2E4C-4FD5-8385-264052FA0048}.Debug|Any CPU.ActiveCfg = Debug|Any CPU
		{661B3E3F-2E4C-4FD5-8385-264052FA0048}.Debug|Any CPU.Build.0 = Debug|Any CPU
		{661B3E3F-2E4C-4FD5-8385-264052FA0048}.Debug|x64.ActiveCfg = Debug|Any CPU
		{661B3E3F-2E4C-4FD5-8385-264052FA0048}.Debug|x64.Build.0 = Debug|Any CPU
		{661B3E3F-2E4C-4FD5-8385-264052FA0048}.Debug|x86.ActiveCfg = Debug|Any CPU
		{661B3E3F-2E4C-4FD5-8385-264052FA0048}.Debug|x86.Build.0 = Debug|Any CPU
		{661B3E3F-2E4C-4FD5-8385-264052FA0048}.Release|Any CPU.ActiveCfg = Release|Any CPU
		{661B3E3F-2E4C-4FD5-8385-264052FA0048}.Release|Any CPU.Build.0 = Release|Any CPU
		{661B3E3F-2E4C-4FD5-8385-264052FA0048}.Release|x64.ActiveCfg = Release|Any CPU
		{661B3E3F-2E4C-4FD5-8385-264052FA0048}.Release|x64.Build.0 = Release|Any CPU
		{661B3E3F-2E4C-4FD5-8385-264052FA0048}.Release|x86.ActiveCfg = Release|Any CPU
		{661B3E3F-2E4C-4FD5-8385-264052FA0048}.Release|x86.Build.0 = Release|Any CPU
	EndGlobalSection
	GlobalSection(SolutionProperties) = preSolution
		HideSolutionNode = FALSE
	EndGlobalSection
	GlobalSection(ExtensibilityGlobals) = postSolution
		SolutionGuid = {37E96CEA-84B1-49B3-B90B-91747FB2C2E9}
	EndGlobalSection
EndGlobal
